
Microsoft Visual Studio Solution File, Format Version 12.00
# Visual Studio Version 16
VisualStudioVersion = 16.0.30011.22
MinimumVisualStudioVersion = 10.0.40219.1
Project("{FAE04EC0-301F-11D3-BF4B-00C04F79EFBC}") = "Server", "Server\Server.csproj", "{A92CBB87-7EBF-476E-8AD2-DF625F32F18A}"
EndProject
Project("{FAE04EC0-301F-11D3-BF4B-00C04F79EFBC}") = "Client", "Client\Client.csproj", "{FA836955-B48C-4391-9204-88E4F907AED3}"
EndProject
Global
	GlobalSection(SolutionConfigurationPlatforms) = preSolution
		Debug|Any CPU = Debug|Any CPU
		Release|Any CPU = Release|Any CPU
	EndGlobalSection
	GlobalSection(ProjectConfigurationPlatforms) = postSolution
		{A92CBB87-7EBF-476E-8AD2-DF625F32F18A}.Debug|Any CPU.ActiveCfg = Debug|Any CPU
		{A92CBB87-7EBF-476E-8AD2-DF625F32F18A}.Debug|Any CPU.Build.0 = Debug|Any CPU
		{A92CBB87-7EBF-476E-8AD2-DF625F32F18A}.Release|Any CPU.ActiveCfg = Release|Any CPU
		{A92CBB87-7EBF-476E-8AD2-DF625F32F18A}.Release|Any CPU.Build.0 = Release|Any CPU
		{FA836955-B48C-4391-9204-88E4F907AED3}.Debug|Any CPU.ActiveCfg = Debug|Any CPU
		{FA836955-B48C-4391-9204-88E4F907AED3}.Debug|Any CPU.Build.0 = Debug|Any CPU
		{FA836955-B48C-4391-9204-88E4F907AED3}.Release|Any CPU.ActiveCfg = Release|Any CPU
		{FA836955-B48C-4391-9204-88E4F907AED3}.Release|Any CPU.Build.0 = Release|Any CPU
	EndGlobalSection
	GlobalSection(SolutionProperties) = preSolution
		HideSolutionNode = FALSE
	EndGlobalSection
	GlobalSection(ExtensibilityGlobals) = postSolution
		SolutionGuid = {30195605-3469-4C78-BBF7-A07B57790D36}
	EndGlobalSection
EndGlobal
